// !$*UTF8*$!
{
	archiveVersion = 1;
	classes = {
	};
	objectVersion = 46;
	objects = {

/* Begin PBXBuildFile section */
		AF29A43A16AA414300B9AE1F /* User.m in Sources */ = {isa = PBXBuildFile; fileRef = AF29A43916AA414300B9AE1F /* User.m */; };
		AF29A43E16AA42FB00B9AE1F /* Item.m in Sources */ = {isa = PBXBuildFile; fileRef = AF29A43D16AA42FB00B9AE1F /* Item.m */; };
		AF29A44116AA449A00B9AE1F /* Offer.m in Sources */ = {isa = PBXBuildFile; fileRef = AF29A44016AA449A00B9AE1F /* Offer.m */; };
		AF29A47F16AA593200B9AE1F /* chris2.png in Resources */ = {isa = PBXBuildFile; fileRef = AF29A47E16AA593200B9AE1F /* chris2.png */; };
		AF29A48316AA5AD800B9AE1F /* CLController.m in Sources */ = {isa = PBXBuildFile; fileRef = AF29A48216AA5AD800B9AE1F /* CLController.m */; };
		AF29A48516AA5F8D00B9AE1F /* CoreLocation.framework in Frameworks */ = {isa = PBXBuildFile; fileRef = AF29A48416AA5F8D00B9AE1F /* CoreLocation.framework */; };
		AF29A48716AA629400B9AE1F /* MobileCoreServices.framework in Frameworks */ = {isa = PBXBuildFile; fileRef = AF29A48616AA629400B9AE1F /* MobileCoreServices.framework */; };
		F9F635BF16AA3E1D004DD1E5 /* UIKit.framework in Frameworks */ = {isa = PBXBuildFile; fileRef = F9F635BE16AA3E1D004DD1E5 /* UIKit.framework */; };
		F9F635C116AA3E1D004DD1E5 /* Foundation.framework in Frameworks */ = {isa = PBXBuildFile; fileRef = F9F635C016AA3E1D004DD1E5 /* Foundation.framework */; };
		F9F635C316AA3E1D004DD1E5 /* CoreGraphics.framework in Frameworks */ = {isa = PBXBuildFile; fileRef = F9F635C216AA3E1D004DD1E5 /* CoreGraphics.framework */; };
		F9F635C916AA3E1D004DD1E5 /* InfoPlist.strings in Resources */ = {isa = PBXBuildFile; fileRef = F9F635C716AA3E1D004DD1E5 /* InfoPlist.strings */; };
		F9F635CB16AA3E1D004DD1E5 /* main.m in Sources */ = {isa = PBXBuildFile; fileRef = F9F635CA16AA3E1D004DD1E5 /* main.m */; };
		F9F635CF16AA3E1D004DD1E5 /* AppDelegate.m in Sources */ = {isa = PBXBuildFile; fileRef = F9F635CE16AA3E1D004DD1E5 /* AppDelegate.m */; };
		F9F635D116AA3E1D004DD1E5 /* Default.png in Resources */ = {isa = PBXBuildFile; fileRef = F9F635D016AA3E1D004DD1E5 /* Default.png */; };
		F9F635D316AA3E1D004DD1E5 /* Default@2x.png in Resources */ = {isa = PBXBuildFile; fileRef = F9F635D216AA3E1D004DD1E5 /* Default@2x.png */; };
		F9F635D516AA3E1D004DD1E5 /* Default-568h@2x.png in Resources */ = {isa = PBXBuildFile; fileRef = F9F635D416AA3E1D004DD1E5 /* Default-568h@2x.png */; };
		F9F635D816AA3E1D004DD1E5 /* MainStoryboard.storyboard in Resources */ = {isa = PBXBuildFile; fileRef = F9F635D616AA3E1D004DD1E5 /* MainStoryboard.storyboard */; };
		F9F635DB16AA3E1D004DD1E5 /* ViewController.m in Sources */ = {isa = PBXBuildFile; fileRef = F9F635DA16AA3E1D004DD1E5 /* ViewController.m */; };
		F9F635E716AA48F2004DD1E5 /* WebServices.m in Sources */ = {isa = PBXBuildFile; fileRef = F9F635E616AA48F2004DD1E5 /* WebServices.m */; };
		F9F635EE16AA4DFF004DD1E5 /* FirstViewController.m in Sources */ = {isa = PBXBuildFile; fileRef = F9F635ED16AA4DFF004DD1E5 /* FirstViewController.m */; };
		F9F635F116AA5090004DD1E5 /* SellViewController.m in Sources */ = {isa = PBXBuildFile; fileRef = F9F635F016AA5090004DD1E5 /* SellViewController.m */; };
		F9F635F416AA50A1004DD1E5 /* ProfileViewController.m in Sources */ = {isa = PBXBuildFile; fileRef = F9F635F316AA50A0004DD1E5 /* ProfileViewController.m */; };
		F9F635FE16AA621F004DD1E5 /* MobileCoreServices.framework in Frameworks */ = {isa = PBXBuildFile; fileRef = F9F635FD16AA621F004DD1E5 /* MobileCoreServices.framework */; };
		F9F6360116AA6225004DD1E5 /* CoreLocation.framework in Frameworks */ = {isa = PBXBuildFile; fileRef = F9F6360016AA6225004DD1E5 /* CoreLocation.framework */; };
		F9F6360816AA808C004DD1E5 /* InfoViewController.m in Sources */ = {isa = PBXBuildFile; fileRef = F9F6360716AA808C004DD1E5 /* InfoViewController.m */; };
		F9F6361B16AB0B60004DD1E5 /* libVenmo.a in Frameworks */ = {isa = PBXBuildFile; fileRef = AF29A4D716AB056600B9AE1F /* libVenmo.a */; };
/* End PBXBuildFile section */

/* Begin PBXContainerItemProxy section */
		AF29A4D616AB056600B9AE1F /* PBXContainerItemProxy */ = {
			isa = PBXContainerItemProxy;
			containerPortal = AF29A4B616AB056500B9AE1F /* Venmo.xcodeproj */;
			proxyType = 2;
			remoteGlobalIDString = C9BD6C6A13EEE06400F4D8F4;
			remoteInfo = Venmo;
		};
		AF29A4D816AB056600B9AE1F /* PBXContainerItemProxy */ = {
			isa = PBXContainerItemProxy;
			containerPortal = AF29A4B616AB056500B9AE1F /* Venmo.xcodeproj */;
			proxyType = 2;
			remoteGlobalIDString = C9550E7613F5C48900212008;
			remoteInfo = VenmoApp;
		};
		AF29A4DA16AB056600B9AE1F /* PBXContainerItemProxy */ = {
			isa = PBXContainerItemProxy;
			containerPortal = AF29A4B616AB056500B9AE1F /* Venmo.xcodeproj */;
			proxyType = 2;
			remoteGlobalIDString = C9BD6C7A13EEE06400F4D8F4;
			remoteInfo = VenmoSpecs;
		};
		AF29A4E216AB081B00B9AE1F /* PBXContainerItemProxy */ = {
			isa = PBXContainerItemProxy;
			containerPortal = AF29A4B616AB056500B9AE1F /* Venmo.xcodeproj */;
			proxyType = 1;
			remoteGlobalIDString = C9BD6C6913EEE06400F4D8F4;
			remoteInfo = Venmo;
		};
/* End PBXContainerItemProxy section */

/* Begin PBXFileReference section */
		AF29A43816AA414300B9AE1F /* User.h */ = {isa = PBXFileReference; fileEncoding = 4; lastKnownFileType = sourcecode.c.h; path = User.h; sourceTree = "<group>"; };
		AF29A43916AA414300B9AE1F /* User.m */ = {isa = PBXFileReference; fileEncoding = 4; lastKnownFileType = sourcecode.c.objc; path = User.m; sourceTree = "<group>"; };
		AF29A43C16AA42FB00B9AE1F /* Item.h */ = {isa = PBXFileReference; fileEncoding = 4; lastKnownFileType = sourcecode.c.h; path = Item.h; sourceTree = "<group>"; };
		AF29A43D16AA42FB00B9AE1F /* Item.m */ = {isa = PBXFileReference; fileEncoding = 4; lastKnownFileType = sourcecode.c.objc; path = Item.m; sourceTree = "<group>"; };
		AF29A43F16AA449A00B9AE1F /* Offer.h */ = {isa = PBXFileReference; fileEncoding = 4; lastKnownFileType = sourcecode.c.h; path = Offer.h; sourceTree = "<group>"; };
		AF29A44016AA449A00B9AE1F /* Offer.m */ = {isa = PBXFileReference; fileEncoding = 4; lastKnownFileType = sourcecode.c.objc; path = Offer.m; sourceTree = "<group>"; };
		AF29A47E16AA593200B9AE1F /* chris2.png */ = {isa = PBXFileReference; lastKnownFileType = image.png; path = chris2.png; sourceTree = "<group>"; };
		AF29A48116AA5AD800B9AE1F /* CLController.h */ = {isa = PBXFileReference; fileEncoding = 4; lastKnownFileType = sourcecode.c.h; path = CLController.h; sourceTree = "<group>"; };
		AF29A48216AA5AD800B9AE1F /* CLController.m */ = {isa = PBXFileReference; fileEncoding = 4; lastKnownFileType = sourcecode.c.objc; path = CLController.m; sourceTree = "<group>"; };
		AF29A48416AA5F8D00B9AE1F /* CoreLocation.framework */ = {isa = PBXFileReference; lastKnownFileType = wrapper.framework; name = CoreLocation.framework; path = System/Library/Frameworks/CoreLocation.framework; sourceTree = SDKROOT; };
		AF29A48616AA629400B9AE1F /* MobileCoreServices.framework */ = {isa = PBXFileReference; lastKnownFileType = wrapper.framework; name = MobileCoreServices.framework; path = System/Library/Frameworks/MobileCoreServices.framework; sourceTree = SDKROOT; };
		AF29A48E16AB056500B9AE1F /* .gitignore */ = {isa = PBXFileReference; lastKnownFileType = text; path = .gitignore; sourceTree = "<group>"; };
		AF29A48F16AB056500B9AE1F /* .gitmodules */ = {isa = PBXFileReference; lastKnownFileType = text; path = .gitmodules; sourceTree = "<group>"; };
		AF29A49316AB056500B9AE1F /* README.md */ = {isa = PBXFileReference; lastKnownFileType = text; path = README.md; sourceTree = "<group>"; };
		AF29A49616AB056500B9AE1F /* NSBundle+Venmo.h */ = {isa = PBXFileReference; lastKnownFileType = sourcecode.c.h; path = "NSBundle+Venmo.h"; sourceTree = "<group>"; };
		AF29A49716AB056500B9AE1F /* NSBundle+Venmo.m */ = {isa = PBXFileReference; lastKnownFileType = sourcecode.c.objc; path = "NSBundle+Venmo.m"; sourceTree = "<group>"; };
		AF29A49816AB056500B9AE1F /* NSDictionary+Venmo.h */ = {isa = PBXFileReference; lastKnownFileType = sourcecode.c.h; path = "NSDictionary+Venmo.h"; sourceTree = "<group>"; };
		AF29A49916AB056500B9AE1F /* NSDictionary+Venmo.m */ = {isa = PBXFileReference; lastKnownFileType = sourcecode.c.objc; path = "NSDictionary+Venmo.m"; sourceTree = "<group>"; };
		AF29A49A16AB056500B9AE1F /* NSError+Venmo.h */ = {isa = PBXFileReference; lastKnownFileType = sourcecode.c.h; path = "NSError+Venmo.h"; sourceTree = "<group>"; };
		AF29A49B16AB056500B9AE1F /* NSError+Venmo.m */ = {isa = PBXFileReference; lastKnownFileType = sourcecode.c.objc; path = "NSError+Venmo.m"; sourceTree = "<group>"; };
		AF29A49C16AB056500B9AE1F /* NSString+Venmo.h */ = {isa = PBXFileReference; lastKnownFileType = sourcecode.c.h; path = "NSString+Venmo.h"; sourceTree = "<group>"; };
		AF29A49D16AB056500B9AE1F /* NSString+Venmo.m */ = {isa = PBXFileReference; lastKnownFileType = sourcecode.c.objc; path = "NSString+Venmo.m"; sourceTree = "<group>"; };
		AF29A49E16AB056500B9AE1F /* NSURL+Venmo.h */ = {isa = PBXFileReference; lastKnownFileType = sourcecode.c.h; path = "NSURL+Venmo.h"; sourceTree = "<group>"; };
		AF29A49F16AB056500B9AE1F /* NSURL+Venmo.m */ = {isa = PBXFileReference; lastKnownFileType = sourcecode.c.objc; path = "NSURL+Venmo.m"; sourceTree = "<group>"; };
		AF29A4A016AB056500B9AE1F /* VenmoActivityView.m */ = {isa = PBXFileReference; lastKnownFileType = sourcecode.c.objc; path = VenmoActivityView.m; sourceTree = "<group>"; };
		AF29A4A116AB056500B9AE1F /* VenmoActivityView_Internal.h */ = {isa = PBXFileReference; lastKnownFileType = sourcecode.c.h; path = VenmoActivityView_Internal.h; sourceTree = "<group>"; };
		AF29A4A216AB056500B9AE1F /* VenmoBase64.m */ = {isa = PBXFileReference; lastKnownFileType = sourcecode.c.objc; path = VenmoBase64.m; sourceTree = "<group>"; };
		AF29A4A316AB056500B9AE1F /* VenmoBase64_Internal.h */ = {isa = PBXFileReference; lastKnownFileType = sourcecode.c.h; path = VenmoBase64_Internal.h; sourceTree = "<group>"; };
		AF29A4A416AB056500B9AE1F /* VenmoClient_Internal.h */ = {isa = PBXFileReference; lastKnownFileType = sourcecode.c.h; path = VenmoClient_Internal.h; sourceTree = "<group>"; };
		AF29A4A516AB056500B9AE1F /* VenmoClient_Private.h */ = {isa = PBXFileReference; lastKnownFileType = sourcecode.c.h; path = VenmoClient_Private.h; sourceTree = "<group>"; };
		AF29A4A616AB056500B9AE1F /* VenmoDefines_Internal.h */ = {isa = PBXFileReference; lastKnownFileType = sourcecode.c.h; path = VenmoDefines_Internal.h; sourceTree = "<group>"; };
		AF29A4A716AB056500B9AE1F /* VenmoHMAC_SHA256.m */ = {isa = PBXFileReference; lastKnownFileType = sourcecode.c.objc; path = VenmoHMAC_SHA256.m; sourceTree = "<group>"; };
		AF29A4A816AB056500B9AE1F /* VenmoHMAC_SHA256_Internal.h */ = {isa = PBXFileReference; lastKnownFileType = sourcecode.c.h; path = VenmoHMAC_SHA256_Internal.h; sourceTree = "<group>"; };
		AF29A4A916AB056500B9AE1F /* VenmoTransaction_Internal.h */ = {isa = PBXFileReference; lastKnownFileType = sourcecode.c.h; path = VenmoTransaction_Internal.h; sourceTree = "<group>"; };
		AF29A4AA16AB056500B9AE1F /* VenmoViewController_Internal.h */ = {isa = PBXFileReference; lastKnownFileType = sourcecode.c.h; path = VenmoViewController_Internal.h; sourceTree = "<group>"; };
		AF29A4AC16AB056500B9AE1F /* Venmo-Prefix.pch */ = {isa = PBXFileReference; lastKnownFileType = sourcecode.c.h; path = "Venmo-Prefix.pch"; sourceTree = "<group>"; };
		AF29A4AD16AB056500B9AE1F /* Venmo.h */ = {isa = PBXFileReference; lastKnownFileType = sourcecode.c.h; path = Venmo.h; sourceTree = "<group>"; };
		AF29A4AE16AB056500B9AE1F /* VenmoClient.h */ = {isa = PBXFileReference; lastKnownFileType = sourcecode.c.h; path = VenmoClient.h; sourceTree = "<group>"; };
		AF29A4AF16AB056500B9AE1F /* VenmoClient.m */ = {isa = PBXFileReference; lastKnownFileType = sourcecode.c.objc; path = VenmoClient.m; sourceTree = "<group>"; };
		AF29A4B016AB056500B9AE1F /* VenmoErrors.h */ = {isa = PBXFileReference; lastKnownFileType = sourcecode.c.h; path = VenmoErrors.h; sourceTree = "<group>"; };
		AF29A4B116AB056500B9AE1F /* VenmoErrors.m */ = {isa = PBXFileReference; lastKnownFileType = sourcecode.c.objc; path = VenmoErrors.m; sourceTree = "<group>"; };
		AF29A4B216AB056500B9AE1F /* VenmoTransaction.h */ = {isa = PBXFileReference; lastKnownFileType = sourcecode.c.h; path = VenmoTransaction.h; sourceTree = "<group>"; };
		AF29A4B316AB056500B9AE1F /* VenmoTransaction.m */ = {isa = PBXFileReference; lastKnownFileType = sourcecode.c.objc; path = VenmoTransaction.m; sourceTree = "<group>"; };
		AF29A4B416AB056500B9AE1F /* VenmoViewController.h */ = {isa = PBXFileReference; lastKnownFileType = sourcecode.c.h; path = VenmoViewController.h; sourceTree = "<group>"; };
		AF29A4B516AB056500B9AE1F /* VenmoViewController.m */ = {isa = PBXFileReference; lastKnownFileType = sourcecode.c.objc; path = VenmoViewController.m; sourceTree = "<group>"; };
		AF29A4B616AB056500B9AE1F /* Venmo.xcodeproj */ = {isa = PBXFileReference; lastKnownFileType = "wrapper.pb-project"; path = Venmo.xcodeproj; sourceTree = "<group>"; };
		AF29A4BA16AB056500B9AE1F /* AppDelegate.h */ = {isa = PBXFileReference; lastKnownFileType = sourcecode.c.h; path = AppDelegate.h; sourceTree = "<group>"; };
		AF29A4BB16AB056500B9AE1F /* AppDelegate.m */ = {isa = PBXFileReference; lastKnownFileType = sourcecode.c.objc; path = AppDelegate.m; sourceTree = "<group>"; };
		AF29A4BD16AB056500B9AE1F /* main.m */ = {isa = PBXFileReference; lastKnownFileType = sourcecode.c.objc; path = main.m; sourceTree = "<group>"; };
		AF29A4BE16AB056500B9AE1F /* VenmoApp-Info.plist */ = {isa = PBXFileReference; lastKnownFileType = text.plist.xml; path = "VenmoApp-Info.plist"; sourceTree = "<group>"; };
		AF29A4BF16AB056500B9AE1F /* VenmoApp-Prefix.pch */ = {isa = PBXFileReference; lastKnownFileType = sourcecode.c.h; path = "VenmoApp-Prefix.pch"; sourceTree = "<group>"; };
		AF29A4C016AB056500B9AE1F /* WelcomeViewController.h */ = {isa = PBXFileReference; lastKnownFileType = sourcecode.c.h; path = WelcomeViewController.h; sourceTree = "<group>"; };
		AF29A4C116AB056500B9AE1F /* WelcomeViewController.m */ = {isa = PBXFileReference; lastKnownFileType = sourcecode.c.objc; path = WelcomeViewController.m; sourceTree = "<group>"; };
		AF29A4C316AB056500B9AE1F /* NSDictionarySpecs.m */ = {isa = PBXFileReference; lastKnownFileType = sourcecode.c.objc; path = NSDictionarySpecs.m; sourceTree = "<group>"; };
		AF29A4C416AB056500B9AE1F /* NSStringSpecs.m */ = {isa = PBXFileReference; lastKnownFileType = sourcecode.c.objc; path = NSStringSpecs.m; sourceTree = "<group>"; };
		AF29A4C616AB056500B9AE1F /* NSInvocation+SpecMethodPrefix.m */ = {isa = PBXFileReference; lastKnownFileType = sourcecode.c.objc; path = "NSInvocation+SpecMethodPrefix.m"; sourceTree = "<group>"; };
		AF29A4C716AB056500B9AE1F /* VenmoSpecs-Prefix.pch */ = {isa = PBXFileReference; lastKnownFileType = sourcecode.c.h; path = "VenmoSpecs-Prefix.pch"; sourceTree = "<group>"; };
		AF29A4C816AB056500B9AE1F /* VenmoSpecs.h */ = {isa = PBXFileReference; lastKnownFileType = sourcecode.c.h; path = VenmoSpecs.h; sourceTree = "<group>"; };
		AF29A4C916AB056500B9AE1F /* VenmoSpecsSpecs.m */ = {isa = PBXFileReference; lastKnownFileType = sourcecode.c.objc; path = VenmoSpecsSpecs.m; sourceTree = "<group>"; };
		AF29A4CA16AB056500B9AE1F /* VenmoBase64Specs.m */ = {isa = PBXFileReference; lastKnownFileType = sourcecode.c.objc; path = VenmoBase64Specs.m; sourceTree = "<group>"; };
		AF29A4CB16AB056500B9AE1F /* VenmoClientSpecs.m */ = {isa = PBXFileReference; lastKnownFileType = sourcecode.c.objc; path = VenmoClientSpecs.m; sourceTree = "<group>"; };
		AF29A4CC16AB056500B9AE1F /* VenmoTransactionSpecs.m */ = {isa = PBXFileReference; lastKnownFileType = sourcecode.c.objc; path = VenmoTransactionSpecs.m; sourceTree = "<group>"; };
		AF29A4CD16AB056500B9AE1F /* VenmoViewControllerSpecs.m */ = {isa = PBXFileReference; lastKnownFileType = sourcecode.c.objc; path = VenmoViewControllerSpecs.m; sourceTree = "<group>"; };
		F9F635BA16AA3E1D004DD1E5 /* BuyByMe.app */ = {isa = PBXFileReference; explicitFileType = wrapper.application; includeInIndex = 0; path = BuyByMe.app; sourceTree = BUILT_PRODUCTS_DIR; };
		F9F635BE16AA3E1D004DD1E5 /* UIKit.framework */ = {isa = PBXFileReference; lastKnownFileType = wrapper.framework; name = UIKit.framework; path = System/Library/Frameworks/UIKit.framework; sourceTree = SDKROOT; };
		F9F635C016AA3E1D004DD1E5 /* Foundation.framework */ = {isa = PBXFileReference; lastKnownFileType = wrapper.framework; name = Foundation.framework; path = System/Library/Frameworks/Foundation.framework; sourceTree = SDKROOT; };
		F9F635C216AA3E1D004DD1E5 /* CoreGraphics.framework */ = {isa = PBXFileReference; lastKnownFileType = wrapper.framework; name = CoreGraphics.framework; path = System/Library/Frameworks/CoreGraphics.framework; sourceTree = SDKROOT; };
		F9F635C616AA3E1D004DD1E5 /* BuyByMe-Info.plist */ = {isa = PBXFileReference; lastKnownFileType = text.plist.xml; path = "BuyByMe-Info.plist"; sourceTree = "<group>"; };
		F9F635C816AA3E1D004DD1E5 /* en */ = {isa = PBXFileReference; lastKnownFileType = text.plist.strings; name = en; path = en.lproj/InfoPlist.strings; sourceTree = "<group>"; };
		F9F635CA16AA3E1D004DD1E5 /* main.m */ = {isa = PBXFileReference; lastKnownFileType = sourcecode.c.objc; path = main.m; sourceTree = "<group>"; };
		F9F635CC16AA3E1D004DD1E5 /* BuyByMe-Prefix.pch */ = {isa = PBXFileReference; lastKnownFileType = sourcecode.c.h; path = "BuyByMe-Prefix.pch"; sourceTree = "<group>"; };
		F9F635CD16AA3E1D004DD1E5 /* AppDelegate.h */ = {isa = PBXFileReference; lastKnownFileType = sourcecode.c.h; path = AppDelegate.h; sourceTree = "<group>"; };
		F9F635CE16AA3E1D004DD1E5 /* AppDelegate.m */ = {isa = PBXFileReference; lastKnownFileType = sourcecode.c.objc; path = AppDelegate.m; sourceTree = "<group>"; };
		F9F635D016AA3E1D004DD1E5 /* Default.png */ = {isa = PBXFileReference; lastKnownFileType = image.png; path = Default.png; sourceTree = "<group>"; };
		F9F635D216AA3E1D004DD1E5 /* Default@2x.png */ = {isa = PBXFileReference; lastKnownFileType = image.png; path = "Default@2x.png"; sourceTree = "<group>"; };
		F9F635D416AA3E1D004DD1E5 /* Default-568h@2x.png */ = {isa = PBXFileReference; lastKnownFileType = image.png; path = "Default-568h@2x.png"; sourceTree = "<group>"; };
		F9F635D716AA3E1D004DD1E5 /* en */ = {isa = PBXFileReference; lastKnownFileType = file.storyboard; name = en; path = en.lproj/MainStoryboard.storyboard; sourceTree = "<group>"; };
		F9F635D916AA3E1D004DD1E5 /* ViewController.h */ = {isa = PBXFileReference; lastKnownFileType = sourcecode.c.h; path = ViewController.h; sourceTree = "<group>"; };
		F9F635DA16AA3E1D004DD1E5 /* ViewController.m */ = {isa = PBXFileReference; lastKnownFileType = sourcecode.c.objc; path = ViewController.m; sourceTree = "<group>"; };
		F9F635E516AA48F2004DD1E5 /* WebServices.h */ = {isa = PBXFileReference; fileEncoding = 4; lastKnownFileType = sourcecode.c.h; path = WebServices.h; sourceTree = "<group>"; };
		F9F635E616AA48F2004DD1E5 /* WebServices.m */ = {isa = PBXFileReference; fileEncoding = 4; lastKnownFileType = sourcecode.c.objc; path = WebServices.m; sourceTree = "<group>"; };
		F9F635EC16AA4DFF004DD1E5 /* FirstViewController.h */ = {isa = PBXFileReference; fileEncoding = 4; lastKnownFileType = sourcecode.c.h; path = FirstViewController.h; sourceTree = "<group>"; };
		F9F635ED16AA4DFF004DD1E5 /* FirstViewController.m */ = {isa = PBXFileReference; fileEncoding = 4; lastKnownFileType = sourcecode.c.objc; path = FirstViewController.m; sourceTree = "<group>"; };
		F9F635EF16AA5090004DD1E5 /* SellViewController.h */ = {isa = PBXFileReference; fileEncoding = 4; lastKnownFileType = sourcecode.c.h; path = SellViewController.h; sourceTree = "<group>"; };
		F9F635F016AA5090004DD1E5 /* SellViewController.m */ = {isa = PBXFileReference; fileEncoding = 4; lastKnownFileType = sourcecode.c.objc; path = SellViewController.m; sourceTree = "<group>"; };
		F9F635F216AA50A0004DD1E5 /* ProfileViewController.h */ = {isa = PBXFileReference; fileEncoding = 4; lastKnownFileType = sourcecode.c.h; path = ProfileViewController.h; sourceTree = "<group>"; };
		F9F635F316AA50A0004DD1E5 /* ProfileViewController.m */ = {isa = PBXFileReference; fileEncoding = 4; lastKnownFileType = sourcecode.c.objc; path = ProfileViewController.m; sourceTree = "<group>"; };
		F9F635FD16AA621F004DD1E5 /* MobileCoreServices.framework */ = {isa = PBXFileReference; lastKnownFileType = wrapper.framework; name = MobileCoreServices.framework; path = System/Library/Frameworks/MobileCoreServices.framework; sourceTree = SDKROOT; };
		F9F6360016AA6225004DD1E5 /* CoreLocation.framework */ = {isa = PBXFileReference; lastKnownFileType = wrapper.framework; name = CoreLocation.framework; path = System/Library/Frameworks/CoreLocation.framework; sourceTree = SDKROOT; };
		F9F6360616AA808B004DD1E5 /* InfoViewController.h */ = {isa = PBXFileReference; fileEncoding = 4; lastKnownFileType = sourcecode.c.h; path = InfoViewController.h; sourceTree = "<group>"; };
		F9F6360716AA808C004DD1E5 /* InfoViewController.m */ = {isa = PBXFileReference; fileEncoding = 4; lastKnownFileType = sourcecode.c.objc; path = InfoViewController.m; sourceTree = "<group>"; };
/* End PBXFileReference section */

/* Begin PBXFrameworksBuildPhase section */
		F9F635B716AA3E1D004DD1E5 /* Frameworks */ = {
			isa = PBXFrameworksBuildPhase;
			buildActionMask = 2147483647;
			files = (
				F9F6361B16AB0B60004DD1E5 /* libVenmo.a in Frameworks */,
				AF29A48716AA629400B9AE1F /* MobileCoreServices.framework in Frameworks */,
				AF29A48516AA5F8D00B9AE1F /* CoreLocation.framework in Frameworks */,
				F9F6360116AA6225004DD1E5 /* CoreLocation.framework in Frameworks */,
				F9F635FE16AA621F004DD1E5 /* MobileCoreServices.framework in Frameworks */,
				F9F635BF16AA3E1D004DD1E5 /* UIKit.framework in Frameworks */,
				F9F635C116AA3E1D004DD1E5 /* Foundation.framework in Frameworks */,
				F9F635C316AA3E1D004DD1E5 /* CoreGraphics.framework in Frameworks */,
			);
			runOnlyForDeploymentPostprocessing = 0;
		};
/* End PBXFrameworksBuildPhase section */

/* Begin PBXGroup section */
		AF29A48C16AB056400B9AE1F /* Libraries */ = {
			isa = PBXGroup;
			children = (
				AF29A48D16AB056500B9AE1F /* Venmo */,
			);
			name = Libraries;
			path = ../Libraries;
			sourceTree = "<group>";
		};
		AF29A48D16AB056500B9AE1F /* Venmo */ = {
			isa = PBXGroup;
			children = (
				AF29A48E16AB056500B9AE1F /* .gitignore */,
				AF29A48F16AB056500B9AE1F /* .gitmodules */,
				AF29A49016AB056500B9AE1F /* Libraries */,
				AF29A49316AB056500B9AE1F /* README.md */,
				AF29A49416AB056500B9AE1F /* Venmo */,
				AF29A4B616AB056500B9AE1F /* Venmo.xcodeproj */,
				AF29A4B916AB056500B9AE1F /* VenmoApp */,
				AF29A4C216AB056500B9AE1F /* VenmoSpecs */,
			);
			path = Venmo;
			sourceTree = "<group>";
		};
		AF29A49016AB056500B9AE1F /* Libraries */ = {
			isa = PBXGroup;
			children = (
				AF29A49116AB056500B9AE1F /* JSONKit */,
				AF29A49216AB056500B9AE1F /* Kiwi */,
			);
			path = Libraries;
			sourceTree = "<group>";
		};
		AF29A49116AB056500B9AE1F /* JSONKit */ = {
			isa = PBXGroup;
			children = (
			);
			path = JSONKit;
			sourceTree = "<group>";
		};
		AF29A49216AB056500B9AE1F /* Kiwi */ = {
			isa = PBXGroup;
			children = (
			);
			path = Kiwi;
			sourceTree = "<group>";
		};
		AF29A49416AB056500B9AE1F /* Venmo */ = {
			isa = PBXGroup;
			children = (
				AF29A49516AB056500B9AE1F /* Private */,
				AF29A4AB16AB056500B9AE1F /* Supporting Files */,
				AF29A4AD16AB056500B9AE1F /* Venmo.h */,
				AF29A4AE16AB056500B9AE1F /* VenmoClient.h */,
				AF29A4AF16AB056500B9AE1F /* VenmoClient.m */,
				AF29A4B016AB056500B9AE1F /* VenmoErrors.h */,
				AF29A4B116AB056500B9AE1F /* VenmoErrors.m */,
				AF29A4B216AB056500B9AE1F /* VenmoTransaction.h */,
				AF29A4B316AB056500B9AE1F /* VenmoTransaction.m */,
				AF29A4B416AB056500B9AE1F /* VenmoViewController.h */,
				AF29A4B516AB056500B9AE1F /* VenmoViewController.m */,
			);
			path = Venmo;
			sourceTree = "<group>";
		};
		AF29A49516AB056500B9AE1F /* Private */ = {
			isa = PBXGroup;
			children = (
				AF29A49616AB056500B9AE1F /* NSBundle+Venmo.h */,
				AF29A49716AB056500B9AE1F /* NSBundle+Venmo.m */,
				AF29A49816AB056500B9AE1F /* NSDictionary+Venmo.h */,
				AF29A49916AB056500B9AE1F /* NSDictionary+Venmo.m */,
				AF29A49A16AB056500B9AE1F /* NSError+Venmo.h */,
				AF29A49B16AB056500B9AE1F /* NSError+Venmo.m */,
				AF29A49C16AB056500B9AE1F /* NSString+Venmo.h */,
				AF29A49D16AB056500B9AE1F /* NSString+Venmo.m */,
				AF29A49E16AB056500B9AE1F /* NSURL+Venmo.h */,
				AF29A49F16AB056500B9AE1F /* NSURL+Venmo.m */,
				AF29A4A016AB056500B9AE1F /* VenmoActivityView.m */,
				AF29A4A116AB056500B9AE1F /* VenmoActivityView_Internal.h */,
				AF29A4A216AB056500B9AE1F /* VenmoBase64.m */,
				AF29A4A316AB056500B9AE1F /* VenmoBase64_Internal.h */,
				AF29A4A416AB056500B9AE1F /* VenmoClient_Internal.h */,
				AF29A4A516AB056500B9AE1F /* VenmoClient_Private.h */,
				AF29A4A616AB056500B9AE1F /* VenmoDefines_Internal.h */,
				AF29A4A716AB056500B9AE1F /* VenmoHMAC_SHA256.m */,
				AF29A4A816AB056500B9AE1F /* VenmoHMAC_SHA256_Internal.h */,
				AF29A4A916AB056500B9AE1F /* VenmoTransaction_Internal.h */,
				AF29A4AA16AB056500B9AE1F /* VenmoViewController_Internal.h */,
			);
			path = Private;
			sourceTree = "<group>";
		};
		AF29A4AB16AB056500B9AE1F /* Supporting Files */ = {
			isa = PBXGroup;
			children = (
				AF29A4AC16AB056500B9AE1F /* Venmo-Prefix.pch */,
			);
			path = "Supporting Files";
			sourceTree = "<group>";
		};
		AF29A4B716AB056500B9AE1F /* Products */ = {
			isa = PBXGroup;
			children = (
				AF29A4D716AB056600B9AE1F /* libVenmo.a */,
				AF29A4D916AB056600B9AE1F /* VenmoApp.app */,
				AF29A4DB16AB056600B9AE1F /* VenmoSpecs.octest */,
			);
			name = Products;
			sourceTree = "<group>";
		};
		AF29A4B916AB056500B9AE1F /* VenmoApp */ = {
			isa = PBXGroup;
			children = (
				AF29A4BA16AB056500B9AE1F /* AppDelegate.h */,
				AF29A4BB16AB056500B9AE1F /* AppDelegate.m */,
				AF29A4BC16AB056500B9AE1F /* Supporting Files */,
				AF29A4C016AB056500B9AE1F /* WelcomeViewController.h */,
				AF29A4C116AB056500B9AE1F /* WelcomeViewController.m */,
			);
			path = VenmoApp;
			sourceTree = "<group>";
		};
		AF29A4BC16AB056500B9AE1F /* Supporting Files */ = {
			isa = PBXGroup;
			children = (
				AF29A4BD16AB056500B9AE1F /* main.m */,
				AF29A4BE16AB056500B9AE1F /* VenmoApp-Info.plist */,
				AF29A4BF16AB056500B9AE1F /* VenmoApp-Prefix.pch */,
			);
			path = "Supporting Files";
			sourceTree = "<group>";
		};
		AF29A4C216AB056500B9AE1F /* VenmoSpecs */ = {
			isa = PBXGroup;
			children = (
				AF29A4C316AB056500B9AE1F /* NSDictionarySpecs.m */,
				AF29A4C416AB056500B9AE1F /* NSStringSpecs.m */,
				AF29A4C516AB056500B9AE1F /* Supporting Files */,
				AF29A4CA16AB056500B9AE1F /* VenmoBase64Specs.m */,
				AF29A4CB16AB056500B9AE1F /* VenmoClientSpecs.m */,
				AF29A4CC16AB056500B9AE1F /* VenmoTransactionSpecs.m */,
				AF29A4CD16AB056500B9AE1F /* VenmoViewControllerSpecs.m */,
			);
			path = VenmoSpecs;
			sourceTree = "<group>";
		};
		AF29A4C516AB056500B9AE1F /* Supporting Files */ = {
			isa = PBXGroup;
			children = (
				AF29A4C616AB056500B9AE1F /* NSInvocation+SpecMethodPrefix.m */,
				AF29A4C716AB056500B9AE1F /* VenmoSpecs-Prefix.pch */,
				AF29A4C816AB056500B9AE1F /* VenmoSpecs.h */,
				AF29A4C916AB056500B9AE1F /* VenmoSpecsSpecs.m */,
			);
			path = "Supporting Files";
			sourceTree = "<group>";
		};
		F9F635AF16AA3E1D004DD1E5 = {
			isa = PBXGroup;
			children = (
				AF29A48616AA629400B9AE1F /* MobileCoreServices.framework */,
				AF29A48416AA5F8D00B9AE1F /* CoreLocation.framework */,
				F9F6360016AA6225004DD1E5 /* CoreLocation.framework */,
				F9F635FD16AA621F004DD1E5 /* MobileCoreServices.framework */,
				F9F635C416AA3E1D004DD1E5 /* BuyByMe */,
				AF29A48C16AB056400B9AE1F /* Libraries */,
				F9F635BD16AA3E1D004DD1E5 /* Frameworks */,
				F9F635BB16AA3E1D004DD1E5 /* Products */,
			);
			sourceTree = "<group>";
		};
		F9F635BB16AA3E1D004DD1E5 /* Products */ = {
			isa = PBXGroup;
			children = (
				F9F635BA16AA3E1D004DD1E5 /* BuyByMe.app */,
			);
			name = Products;
			sourceTree = "<group>";
		};
		F9F635BD16AA3E1D004DD1E5 /* Frameworks */ = {
			isa = PBXGroup;
			children = (
				F9F635BE16AA3E1D004DD1E5 /* UIKit.framework */,
				F9F635C016AA3E1D004DD1E5 /* Foundation.framework */,
				F9F635C216AA3E1D004DD1E5 /* CoreGraphics.framework */,
			);
			name = Frameworks;
			sourceTree = "<group>";
		};
		F9F635C416AA3E1D004DD1E5 /* BuyByMe */ = {
			isa = PBXGroup;
			children = (
				F9F635CD16AA3E1D004DD1E5 /* AppDelegate.h */,
				AF29A43816AA414300B9AE1F /* User.h */,
				AF29A43916AA414300B9AE1F /* User.m */,
				F9F635CE16AA3E1D004DD1E5 /* AppDelegate.m */,
				F9F635D616AA3E1D004DD1E5 /* MainStoryboard.storyboard */,
				F9F635D916AA3E1D004DD1E5 /* ViewController.h */,
				F9F635DA16AA3E1D004DD1E5 /* ViewController.m */,
				F9F635C516AA3E1D004DD1E5 /* Supporting Files */,
				F9F635E516AA48F2004DD1E5 /* WebServices.h */,
				F9F635E616AA48F2004DD1E5 /* WebServices.m */,
				F9F635EC16AA4DFF004DD1E5 /* FirstViewController.h */,
				F9F635ED16AA4DFF004DD1E5 /* FirstViewController.m */,
				F9F635EF16AA5090004DD1E5 /* SellViewController.h */,
				F9F635F016AA5090004DD1E5 /* SellViewController.m */,
				F9F635F216AA50A0004DD1E5 /* ProfileViewController.h */,
				F9F635F316AA50A0004DD1E5 /* ProfileViewController.m */,
				AF29A43C16AA42FB00B9AE1F /* Item.h */,
				AF29A43D16AA42FB00B9AE1F /* Item.m */,
				AF29A43F16AA449A00B9AE1F /* Offer.h */,
				AF29A44016AA449A00B9AE1F /* Offer.m */,
				AF29A48116AA5AD800B9AE1F /* CLController.h */,
				AF29A48216AA5AD800B9AE1F /* CLController.m */,
				F9F6360616AA808B004DD1E5 /* InfoViewController.h */,
				F9F6360716AA808C004DD1E5 /* InfoViewController.m */,
			);
			path = BuyByMe;
			sourceTree = "<group>";
		};
		F9F635C516AA3E1D004DD1E5 /* Supporting Files */ = {
			isa = PBXGroup;
			children = (
				AF29A47E16AA593200B9AE1F /* chris2.png */,
				F9F635C616AA3E1D004DD1E5 /* BuyByMe-Info.plist */,
				F9F635C716AA3E1D004DD1E5 /* InfoPlist.strings */,
				F9F635CA16AA3E1D004DD1E5 /* main.m */,
				F9F635CC16AA3E1D004DD1E5 /* BuyByMe-Prefix.pch */,
				F9F635D016AA3E1D004DD1E5 /* Default.png */,
				F9F635D216AA3E1D004DD1E5 /* Default@2x.png */,
				F9F635D416AA3E1D004DD1E5 /* Default-568h@2x.png */,
			);
			name = "Supporting Files";
			sourceTree = "<group>";
		};
/* End PBXGroup section */

/* Begin PBXNativeTarget section */
		F9F635B916AA3E1D004DD1E5 /* BuyByMe */ = {
			isa = PBXNativeTarget;
			buildConfigurationList = F9F635DE16AA3E1D004DD1E5 /* Build configuration list for PBXNativeTarget "BuyByMe" */;
			buildPhases = (
				F9F635B616AA3E1D004DD1E5 /* Sources */,
				F9F635B716AA3E1D004DD1E5 /* Frameworks */,
				F9F635B816AA3E1D004DD1E5 /* Resources */,
			);
			buildRules = (
			);
			dependencies = (
				AF29A4E316AB081B00B9AE1F /* PBXTargetDependency */,
			);
			name = BuyByMe;
			productName = BuyByMe;
			productReference = F9F635BA16AA3E1D004DD1E5 /* BuyByMe.app */;
			productType = "com.apple.product-type.application";
		};
/* End PBXNativeTarget section */

/* Begin PBXProject section */
		F9F635B116AA3E1D004DD1E5 /* Project object */ = {
			isa = PBXProject;
			attributes = {
				LastUpgradeCheck = 0450;
				ORGANIZATIONNAME = "Andrew Rauh";
			};
			buildConfigurationList = F9F635B416AA3E1D004DD1E5 /* Build configuration list for PBXProject "BuyByMe" */;
			compatibilityVersion = "Xcode 3.2";
			developmentRegion = English;
			hasScannedForEncodings = 0;
			knownRegions = (
				en,
			);
			mainGroup = F9F635AF16AA3E1D004DD1E5;
			productRefGroup = F9F635BB16AA3E1D004DD1E5 /* Products */;
			projectDirPath = "";
			projectReferences = (
				{
					ProductGroup = AF29A4B716AB056500B9AE1F /* Products */;
					ProjectRef = AF29A4B616AB056500B9AE1F /* Venmo.xcodeproj */;
				},
			);
			projectRoot = "";
			targets = (
				F9F635B916AA3E1D004DD1E5 /* BuyByMe */,
			);
		};
/* End PBXProject section */

/* Begin PBXReferenceProxy section */
		AF29A4D716AB056600B9AE1F /* libVenmo.a */ = {
			isa = PBXReferenceProxy;
			fileType = archive.ar;
			path = libVenmo.a;
			remoteRef = AF29A4D616AB056600B9AE1F /* PBXContainerItemProxy */;
			sourceTree = BUILT_PRODUCTS_DIR;
		};
		AF29A4D916AB056600B9AE1F /* VenmoApp.app */ = {
			isa = PBXReferenceProxy;
			fileType = wrapper.application;
			path = VenmoApp.app;
			remoteRef = AF29A4D816AB056600B9AE1F /* PBXContainerItemProxy */;
			sourceTree = BUILT_PRODUCTS_DIR;
		};
		AF29A4DB16AB056600B9AE1F /* VenmoSpecs.octest */ = {
			isa = PBXReferenceProxy;
			fileType = wrapper.cfbundle;
			path = VenmoSpecs.octest;
			remoteRef = AF29A4DA16AB056600B9AE1F /* PBXContainerItemProxy */;
			sourceTree = BUILT_PRODUCTS_DIR;
		};
/* End PBXReferenceProxy section */

/* Begin PBXResourcesBuildPhase section */
		F9F635B816AA3E1D004DD1E5 /* Resources */ = {
			isa = PBXResourcesBuildPhase;
			buildActionMask = 2147483647;
			files = (
				F9F635C916AA3E1D004DD1E5 /* InfoPlist.strings in Resources */,
				F9F635D116AA3E1D004DD1E5 /* Default.png in Resources */,
				F9F635D316AA3E1D004DD1E5 /* Default@2x.png in Resources */,
				F9F635D516AA3E1D004DD1E5 /* Default-568h@2x.png in Resources */,
				F9F635D816AA3E1D004DD1E5 /* MainStoryboard.storyboard in Resources */,
				AF29A47F16AA593200B9AE1F /* chris2.png in Resources */,
			);
			runOnlyForDeploymentPostprocessing = 0;
		};
/* End PBXResourcesBuildPhase section */

/* Begin PBXSourcesBuildPhase section */
		F9F635B616AA3E1D004DD1E5 /* Sources */ = {
			isa = PBXSourcesBuildPhase;
			buildActionMask = 2147483647;
			files = (
				F9F635CB16AA3E1D004DD1E5 /* main.m in Sources */,
				F9F635CF16AA3E1D004DD1E5 /* AppDelegate.m in Sources */,
				F9F635DB16AA3E1D004DD1E5 /* ViewController.m in Sources */,
				F9F635E716AA48F2004DD1E5 /* WebServices.m in Sources */,
				F9F635EE16AA4DFF004DD1E5 /* FirstViewController.m in Sources */,
				F9F635F116AA5090004DD1E5 /* SellViewController.m in Sources */,
				F9F635F416AA50A1004DD1E5 /* ProfileViewController.m in Sources */,
				AF29A43A16AA414300B9AE1F /* User.m in Sources */,
				AF29A43E16AA42FB00B9AE1F /* Item.m in Sources */,
				AF29A44116AA449A00B9AE1F /* Offer.m in Sources */,
				AF29A48316AA5AD800B9AE1F /* CLController.m in Sources */,
				F9F6360816AA808C004DD1E5 /* InfoViewController.m in Sources */,
			);
			runOnlyForDeploymentPostprocessing = 0;
		};
/* End PBXSourcesBuildPhase section */

/* Begin PBXTargetDependency section */
		AF29A4E316AB081B00B9AE1F /* PBXTargetDependency */ = {
			isa = PBXTargetDependency;
			name = Venmo;
			targetProxy = AF29A4E216AB081B00B9AE1F /* PBXContainerItemProxy */;
		};
/* End PBXTargetDependency section */

/* Begin PBXVariantGroup section */
		F9F635C716AA3E1D004DD1E5 /* InfoPlist.strings */ = {
			isa = PBXVariantGroup;
			children = (
				F9F635C816AA3E1D004DD1E5 /* en */,
			);
			name = InfoPlist.strings;
			sourceTree = "<group>";
		};
		F9F635D616AA3E1D004DD1E5 /* MainStoryboard.storyboard */ = {
			isa = PBXVariantGroup;
			children = (
				F9F635D716AA3E1D004DD1E5 /* en */,
			);
			name = MainStoryboard.storyboard;
			sourceTree = "<group>";
		};
/* End PBXVariantGroup section */

/* Begin XCBuildConfiguration section */
		F9F635DC16AA3E1D004DD1E5 /* Debug */ = {
			isa = XCBuildConfiguration;
			buildSettings = {
				ALWAYS_SEARCH_USER_PATHS = NO;
				CLANG_CXX_LANGUAGE_STANDARD = "gnu++0x";
				CLANG_CXX_LIBRARY = "libc++";
				CLANG_ENABLE_OBJC_ARC = YES;
				CLANG_WARN_EMPTY_BODY = YES;
				CLANG_WARN__DUPLICATE_METHOD_MATCH = YES;
				"CODE_SIGN_IDENTITY[sdk=iphoneos*]" = "iPhone Developer";
				COPY_PHASE_STRIP = NO;
				GCC_C_LANGUAGE_STANDARD = gnu99;
				GCC_DYNAMIC_NO_PIC = NO;
				GCC_OPTIMIZATION_LEVEL = 0;
				GCC_PREPROCESSOR_DEFINITIONS = (
					"DEBUG=1",
					"$(inherited)",
				);
				GCC_SYMBOLS_PRIVATE_EXTERN = NO;
				GCC_WARN_ABOUT_RETURN_TYPE = YES;
				GCC_WARN_UNINITIALIZED_AUTOS = YES;
				GCC_WARN_UNUSED_VARIABLE = YES;
				IPHONEOS_DEPLOYMENT_TARGET = 6.0;
				ONLY_ACTIVE_ARCH = YES;
				SDKROOT = iphoneos;
			};
			name = Debug;
		};
		F9F635DD16AA3E1D004DD1E5 /* Release */ = {
			isa = XCBuildConfiguration;
			buildSettings = {
				ALWAYS_SEARCH_USER_PATHS = NO;
				CLANG_CXX_LANGUAGE_STANDARD = "gnu++0x";
				CLANG_CXX_LIBRARY = "libc++";
				CLANG_ENABLE_OBJC_ARC = YES;
				CLANG_WARN_EMPTY_BODY = YES;
				CLANG_WARN__DUPLICATE_METHOD_MATCH = YES;
				"CODE_SIGN_IDENTITY[sdk=iphoneos*]" = "iPhone Developer";
				COPY_PHASE_STRIP = YES;
				GCC_C_LANGUAGE_STANDARD = gnu99;
				GCC_WARN_ABOUT_RETURN_TYPE = YES;
				GCC_WARN_UNINITIALIZED_AUTOS = YES;
				GCC_WARN_UNUSED_VARIABLE = YES;
				IPHONEOS_DEPLOYMENT_TARGET = 6.0;
				OTHER_CFLAGS = "-DNS_BLOCK_ASSERTIONS=1";
				SDKROOT = iphoneos;
				VALIDATE_PRODUCT = YES;
			};
			name = Release;
		};
		F9F635DF16AA3E1D004DD1E5 /* Debug */ = {
			isa = XCBuildConfiguration;
			buildSettings = {
				GCC_PRECOMPILE_PREFIX_HEADER = YES;
				GCC_PREFIX_HEADER = "BuyByMe/BuyByMe-Prefix.pch";
				HEADER_SEARCH_PATHS = ../Libraries/Venmo;
				INFOPLIST_FILE = "BuyByMe/BuyByMe-Info.plist";
				OTHER_LDFLAGS = (
					"-ObjC",
					"-force_load",
					"${BUILT_PRODUCTS_DIR}/libVenmo.a",
				);
				PRODUCT_NAME = "$(TARGET_NAME)";
				WRAPPER_EXTENSION = app;
			};
			name = Debug;
		};
		F9F635E016AA3E1D004DD1E5 /* Release */ = {
			isa = XCBuildConfiguration;
			buildSettings = {
				GCC_PRECOMPILE_PREFIX_HEADER = YES;
				GCC_PREFIX_HEADER = "BuyByMe/BuyByMe-Prefix.pch";
				HEADER_SEARCH_PATHS = ../Libraries/Venmo;
				INFOPLIST_FILE = "BuyByMe/BuyByMe-Info.plist";
				OTHER_LDFLAGS = (
					"-ObjC",
					"-force_load",
					"${BUILT_PRODUCTS_DIR}/libVenmo.a",
				);
				PRODUCT_NAME = "$(TARGET_NAME)";
				WRAPPER_EXTENSION = app;
			};
			name = Release;
		};
/* End XCBuildConfiguration section */

/* Begin XCConfigurationList section */
		F9F635B416AA3E1D004DD1E5 /* Build configuration list for PBXProject "BuyByMe" */ = {
			isa = XCConfigurationList;
			buildConfigurations = (
				F9F635DC16AA3E1D004DD1E5 /* Debug */,
				F9F635DD16AA3E1D004DD1E5 /* Release */,
			);
			defaultConfigurationIsVisible = 0;
			defaultConfigurationName = Release;
		};
		F9F635DE16AA3E1D004DD1E5 /* Build configuration list for PBXNativeTarget "BuyByMe" */ = {
			isa = XCConfigurationList;
			buildConfigurations = (
				F9F635DF16AA3E1D004DD1E5 /* Debug */,
				F9F635E016AA3E1D004DD1E5 /* Release */,
			);
			defaultConfigurationIsVisible = 0;
			defaultConfigurationName = Release;
		};
/* End XCConfigurationList section */
	};
	rootObject = F9F635B116AA3E1D004DD1E5 /* Project object */;
}
